// !$*UTF8*$!
{
	archiveVersion = 1;
	classes = {
	};
	objectVersion = 77;
	objects = {

/* Begin PBXBuildFile section */
		244FDD1D2E5770AF00258003 /* ClusterMap in Frameworks */ = {isa = PBXBuildFile; productRef = 244FDD1C2E5770AF00258003 /* ClusterMap */; };
		244FDD1F2E5770AF00258003 /* ClusterMapSwiftUI in Frameworks */ = {isa = PBXBuildFile; productRef = 244FDD1E2E5770AF00258003 /* ClusterMapSwiftUI */; };
		24A70CD62E6F70F40053678E /* tankuj100.icon in Resources */ = {isa = PBXBuildFile; fileRef = 24A70CD52E6F70F40053678E /* tankuj100.icon */; };
/* End PBXBuildFile section */

/* Begin PBXContainerItemProxy section */
		24323BF22EAACC6F00BC55E4 /* PBXContainerItemProxy */ = {
			isa = PBXContainerItemProxy;
			containerPortal = 2476329C2E4FAA3E00282F8C /* Project object */;
			proxyType = 1;
			remoteGlobalIDString = 247632A32E4FAA3E00282F8C;
			remoteInfo = tankuj100;
		};
		24323C062EAACD9100BC55E4 /* PBXContainerItemProxy */ = {
			isa = PBXContainerItemProxy;
			containerPortal = 2476329C2E4FAA3E00282F8C /* Project object */;
			proxyType = 1;
			remoteGlobalIDString = 247632A32E4FAA3E00282F8C;
			remoteInfo = tankuj100;
		};
/* End PBXContainerItemProxy section */

/* Begin PBXFileReference section */
		24323BEE2EAACC6F00BC55E4 /* tankuj100Tests.xctest */ = {isa = PBXFileReference; explicitFileType = wrapper.cfbundle; includeInIndex = 0; path = tankuj100Tests.xctest; sourceTree = BUILT_PRODUCTS_DIR; };
		24323C002EAACD9100BC55E4 /* tankuj100UITests.xctest */ = {isa = PBXFileReference; explicitFileType = wrapper.cfbundle; includeInIndex = 0; path = tankuj100UITests.xctest; sourceTree = BUILT_PRODUCTS_DIR; };
		247632A42E4FAA3E00282F8C /* tankuj100.app */ = {isa = PBXFileReference; explicitFileType = wrapper.application; includeInIndex = 0; path = tankuj100.app; sourceTree = BUILT_PRODUCTS_DIR; };
		24A70CD52E6F70F40053678E /* tankuj100.icon */ = {isa = PBXFileReference; lastKnownFileType = folder.iconcomposer.icon; path = tankuj100.icon; sourceTree = "<group>"; };
/* End PBXFileReference section */

/* Begin PBXFileSystemSynchronizedBuildFileExceptionSet section */
		24323C0B2EAACD9D00BC55E4 /* Exceptions for "tankuj100UITests" folder in "tankuj100Tests" target */ = {
			isa = PBXFileSystemSynchronizedBuildFileExceptionSet;
			membershipExceptions = (
				tankuj100UITests.swift,
			);
			target = 24323BED2EAACC6F00BC55E4 /* tankuj100Tests */;
		};
		24323C0C2EAACD9D00BC55E4 /* Exceptions for "tankuj100UITests" folder in "tankuj100UITests" target */ = {
			isa = PBXFileSystemSynchronizedBuildFileExceptionSet;
			membershipExceptions = (
				tankuj100UITests.swift,
			);
			target = 24323BFF2EAACD9100BC55E4 /* tankuj100UITests */;
		};
		24A5BA042E8071AC0081435F /* Exceptions for "tankuj100" folder in "tankuj100" target */ = {
			isa = PBXFileSystemSynchronizedBuildFileExceptionSet;
			membershipExceptions = (
				Info.plist,
			);
			target = 247632A32E4FAA3E00282F8C /* tankuj100 */;
		};
/* End PBXFileSystemSynchronizedBuildFileExceptionSet section */

/* Begin PBXFileSystemSynchronizedRootGroup section */
		24323BEF2EAACC6F00BC55E4 /* tankuj100Tests */ = {
			isa = PBXFileSystemSynchronizedRootGroup;
			path = tankuj100Tests;
			sourceTree = "<group>";
		};
		24323C012EAACD9100BC55E4 /* tankuj100UITests */ = {
			isa = PBXFileSystemSynchronizedRootGroup;
			exceptions = (
				24323C0B2EAACD9D00BC55E4 /* Exceptions for "tankuj100UITests" folder in "tankuj100Tests" target */,
				24323C0C2EAACD9D00BC55E4 /* Exceptions for "tankuj100UITests" folder in "tankuj100UITests" target */,
			);
			path = tankuj100UITests;
			sourceTree = "<group>";
		};
		247632A62E4FAA3E00282F8C /* tankuj100 */ = {
			isa = PBXFileSystemSynchronizedRootGroup;
			exceptions = (
				24A5BA042E8071AC0081435F /* Exceptions for "tankuj100" folder in "tankuj100" target */,
			);
			path = tankuj100;
			sourceTree = "<group>";
		};
/* End PBXFileSystemSynchronizedRootGroup section */

/* Begin PBXFrameworksBuildPhase section */
		24323BEB2EAACC6F00BC55E4 /* Frameworks */ = {
			isa = PBXFrameworksBuildPhase;
			buildActionMask = 2147483647;
			files = (
			);
			runOnlyForDeploymentPostprocessing = 0;
		};
		24323BFD2EAACD9100BC55E4 /* Frameworks */ = {
			isa = PBXFrameworksBuildPhase;
			buildActionMask = 2147483647;
			files = (
			);
			runOnlyForDeploymentPostprocessing = 0;
		};
		247632A12E4FAA3E00282F8C /* Frameworks */ = {
			isa = PBXFrameworksBuildPhase;
			buildActionMask = 2147483647;
			files = (
				244FDD1F2E5770AF00258003 /* ClusterMapSwiftUI in Frameworks */,
				244FDD1D2E5770AF00258003 /* ClusterMap in Frameworks */,
			);
			runOnlyForDeploymentPostprocessing = 0;
		};
/* End PBXFrameworksBuildPhase section */

/* Begin PBXGroup section */
		2476329B2E4FAA3E00282F8C = {
			isa = PBXGroup;
			children = (
				24A70CD52E6F70F40053678E /* tankuj100.icon */,
				247632A62E4FAA3E00282F8C /* tankuj100 */,
				24323BEF2EAACC6F00BC55E4 /* tankuj100Tests */,
				24323C012EAACD9100BC55E4 /* tankuj100UITests */,
				247632A52E4FAA3E00282F8C /* Products */,
			);
			sourceTree = "<group>";
		};
		247632A52E4FAA3E00282F8C /* Products */ = {
			isa = PBXGroup;
			children = (
				247632A42E4FAA3E00282F8C /* tankuj100.app */,
				24323BEE2EAACC6F00BC55E4 /* tankuj100Tests.xctest */,
				24323C002EAACD9100BC55E4 /* tankuj100UITests.xctest */,
			);
			name = Products;
			sourceTree = "<group>";
		};
/* End PBXGroup section */

/* Begin PBXNativeTarget section */
		24323BED2EAACC6F00BC55E4 /* tankuj100Tests */ = {
			isa = PBXNativeTarget;
			buildConfigurationList = 24323BF42EAACC6F00BC55E4 /* Build configuration list for PBXNativeTarget "tankuj100Tests" */;
			buildPhases = (
				24323BEA2EAACC6F00BC55E4 /* Sources */,
				24323BEB2EAACC6F00BC55E4 /* Frameworks */,
				24323BEC2EAACC6F00BC55E4 /* Resources */,
			);
			buildRules = (
			);
			dependencies = (
				24323BF32EAACC6F00BC55E4 /* PBXTargetDependency */,
			);
			fileSystemSynchronizedGroups = (
				24323BEF2EAACC6F00BC55E4 /* tankuj100Tests */,
			);
			name = tankuj100Tests;
			packageProductDependencies = (
			);
			productName = tankuj100Tests;
			productReference = 24323BEE2EAACC6F00BC55E4 /* tankuj100Tests.xctest */;
			productType = "com.apple.product-type.bundle.unit-test";
		};
		24323BFF2EAACD9100BC55E4 /* tankuj100UITests */ = {
			isa = PBXNativeTarget;
			buildConfigurationList = 24323C082EAACD9100BC55E4 /* Build configuration list for PBXNativeTarget "tankuj100UITests" */;
			buildPhases = (
				24323BFC2EAACD9100BC55E4 /* Sources */,
				24323BFD2EAACD9100BC55E4 /* Frameworks */,
				24323BFE2EAACD9100BC55E4 /* Resources */,
			);
			buildRules = (
			);
			dependencies = (
				24323C072EAACD9100BC55E4 /* PBXTargetDependency */,
			);
			fileSystemSynchronizedGroups = (
				24323C012EAACD9100BC55E4 /* tankuj100UITests */,
			);
			name = tankuj100UITests;
			packageProductDependencies = (
			);
			productName = tankuj100UITests;
			productReference = 24323C002EAACD9100BC55E4 /* tankuj100UITests.xctest */;
			productType = "com.apple.product-type.bundle.ui-testing";
		};
		247632A32E4FAA3E00282F8C /* tankuj100 */ = {
			isa = PBXNativeTarget;
			buildConfigurationList = 247632AF2E4FAA3F00282F8C /* Build configuration list for PBXNativeTarget "tankuj100" */;
			buildPhases = (
				247632A02E4FAA3E00282F8C /* Sources */,
				247632A12E4FAA3E00282F8C /* Frameworks */,
				247632A22E4FAA3E00282F8C /* Resources */,
			);
			buildRules = (
			);
			dependencies = (
			);
			fileSystemSynchronizedGroups = (
				247632A62E4FAA3E00282F8C /* tankuj100 */,
			);
			name = tankuj100;
			packageProductDependencies = (
				244FDD1C2E5770AF00258003 /* ClusterMap */,
				244FDD1E2E5770AF00258003 /* ClusterMapSwiftUI */,
			);
			productName = tankuj100;
			productReference = 247632A42E4FAA3E00282F8C /* tankuj100.app */;
			productType = "com.apple.product-type.application";
		};
/* End PBXNativeTarget section */

/* Begin PBXProject section */
		2476329C2E4FAA3E00282F8C /* Project object */ = {
			isa = PBXProject;
			attributes = {
				BuildIndependentTargetsInParallel = 1;
				LastSwiftUpdateCheck = 2600;
				LastUpgradeCheck = 1630;
				TargetAttributes = {
					24323BED2EAACC6F00BC55E4 = {
						CreatedOnToolsVersion = 26.0.1;
						TestTargetID = 247632A32E4FAA3E00282F8C;
					};
					24323BFF2EAACD9100BC55E4 = {
						CreatedOnToolsVersion = 26.0.1;
						TestTargetID = 247632A32E4FAA3E00282F8C;
					};
					247632A32E4FAA3E00282F8C = {
						CreatedOnToolsVersion = 16.3;
					};
				};
			};
			buildConfigurationList = 2476329F2E4FAA3E00282F8C /* Build configuration list for PBXProject "tankuj100" */;
			developmentRegion = en;
			hasScannedForEncodings = 0;
			knownRegions = (
				en,
				Base,
			);
			mainGroup = 2476329B2E4FAA3E00282F8C;
			minimizedProjectReferenceProxies = 1;
			packageReferences = (
				244FDD1B2E5770AF00258003 /* XCRemoteSwiftPackageReference "ClusterMap" */,
			);
			preferredProjectObjectVersion = 77;
			productRefGroup = 247632A52E4FAA3E00282F8C /* Products */;
			projectDirPath = "";
			projectRoot = "";
			targets = (
				247632A32E4FAA3E00282F8C /* tankuj100 */,
				24323BED2EAACC6F00BC55E4 /* tankuj100Tests */,
				24323BFF2EAACD9100BC55E4 /* tankuj100UITests */,
			);
		};
/* End PBXProject section */

/* Begin PBXResourcesBuildPhase section */
		24323BEC2EAACC6F00BC55E4 /* Resources */ = {
			isa = PBXResourcesBuildPhase;
			buildActionMask = 2147483647;
			files = (
			);
			runOnlyForDeploymentPostprocessing = 0;
		};
		24323BFE2EAACD9100BC55E4 /* Resources */ = {
			isa = PBXResourcesBuildPhase;
			buildActionMask = 2147483647;
			files = (
			);
			runOnlyForDeploymentPostprocessing = 0;
		};
		247632A22E4FAA3E00282F8C /* Resources */ = {
			isa = PBXResourcesBuildPhase;
			buildActionMask = 2147483647;
			files = (
				24A70CD62E6F70F40053678E /* tankuj100.icon in Resources */,
			);
			runOnlyForDeploymentPostprocessing = 0;
		};
/* End PBXResourcesBuildPhase section */

/* Begin PBXSourcesBuildPhase section */
		24323BEA2EAACC6F00BC55E4 /* Sources */ = {
			isa = PBXSourcesBuildPhase;
			buildActionMask = 2147483647;
			files = (
			);
			runOnlyForDeploymentPostprocessing = 0;
		};
		24323BFC2EAACD9100BC55E4 /* Sources */ = {
			isa = PBXSourcesBuildPhase;
			buildActionMask = 2147483647;
			files = (
			);
			runOnlyForDeploymentPostprocessing = 0;
		};
		247632A02E4FAA3E00282F8C /* Sources */ = {
			isa = PBXSourcesBuildPhase;
			buildActionMask = 2147483647;
			files = (
			);
			runOnlyForDeploymentPostprocessing = 0;
		};
/* End PBXSourcesBuildPhase section */

/* Begin PBXTargetDependency section */
		24323BF32EAACC6F00BC55E4 /* PBXTargetDependency */ = {
			isa = PBXTargetDependency;
			target = 247632A32E4FAA3E00282F8C /* tankuj100 */;
			targetProxy = 24323BF22EAACC6F00BC55E4 /* PBXContainerItemProxy */;
		};
		24323C072EAACD9100BC55E4 /* PBXTargetDependency */ = {
			isa = PBXTargetDependency;
			target = 247632A32E4FAA3E00282F8C /* tankuj100 */;
			targetProxy = 24323C062EAACD9100BC55E4 /* PBXContainerItemProxy */;
		};
/* End PBXTargetDependency section */

/* Begin XCBuildConfiguration section */
		24323BF52EAACC6F00BC55E4 /* Debug */ = {
			isa = XCBuildConfiguration;
			buildSettings = {
				BUNDLE_LOADER = "$(TEST_HOST)";
				CODE_SIGN_STYLE = Automatic;
				CURRENT_PROJECT_VERSION = 1;
				DEVELOPMENT_TEAM = B63NCXYEXK;
				GENERATE_INFOPLIST_FILE = YES;
				IPHONEOS_DEPLOYMENT_TARGET = 26.0;
				MARKETING_VERSION = 1.0;
				PRODUCT_BUNDLE_IDENTIFIER = cz.silkroad.tankuj100Tests;
				PRODUCT_NAME = "$(TARGET_NAME)";
				STRING_CATALOG_GENERATE_SYMBOLS = NO;
				SWIFT_APPROACHABLE_CONCURRENCY = YES;
				SWIFT_EMIT_LOC_STRINGS = NO;
				SWIFT_UPCOMING_FEATURE_MEMBER_IMPORT_VISIBILITY = YES;
				SWIFT_VERSION = 5.0;
				TARGETED_DEVICE_FAMILY = "1,2";
				TEST_HOST = "$(BUILT_PRODUCTS_DIR)/tankuj100.app/$(BUNDLE_EXECUTABLE_FOLDER_PATH)/tankuj100";
			};
			name = Debug;
		};
		24323BF62EAACC6F00BC55E4 /* Release */ = {
			isa = XCBuildConfiguration;
			buildSettings = {
				BUNDLE_LOADER = "$(TEST_HOST)";
				CODE_SIGN_STYLE = Automatic;
				CURRENT_PROJECT_VERSION = 1;
				DEVELOPMENT_TEAM = B63NCXYEXK;
				GENERATE_INFOPLIST_FILE = YES;
				IPHONEOS_DEPLOYMENT_TARGET = 26.0;
				MARKETING_VERSION = 1.0;
				PRODUCT_BUNDLE_IDENTIFIER = cz.silkroad.tankuj100Tests;
				PRODUCT_NAME = "$(TARGET_NAME)";
				STRING_CATALOG_GENERATE_SYMBOLS = NO;
				SWIFT_APPROACHABLE_CONCURRENCY = YES;
				SWIFT_EMIT_LOC_STRINGS = NO;
				SWIFT_UPCOMING_FEATURE_MEMBER_IMPORT_VISIBILITY = YES;
				SWIFT_VERSION = 5.0;
				TARGETED_DEVICE_FAMILY = "1,2";
				TEST_HOST = "$(BUILT_PRODUCTS_DIR)/tankuj100.app/$(BUNDLE_EXECUTABLE_FOLDER_PATH)/tankuj100";
			};
			name = Release;
		};
		24323C092EAACD9100BC55E4 /* Debug */ = {
			isa = XCBuildConfiguration;
			buildSettings = {
				CODE_SIGN_STYLE = Automatic;
				CURRENT_PROJECT_VERSION = 1;
				DEVELOPMENT_TEAM = B63NCXYEXK;
				GENERATE_INFOPLIST_FILE = YES;
				IPHONEOS_DEPLOYMENT_TARGET = 26.0;
				MARKETING_VERSION = 1.0;
				PRODUCT_BUNDLE_IDENTIFIER = cz.silkroad.tankuj100UITests;
				PRODUCT_NAME = "$(TARGET_NAME)";
				STRING_CATALOG_GENERATE_SYMBOLS = NO;
				SWIFT_APPROACHABLE_CONCURRENCY = YES;
				SWIFT_EMIT_LOC_STRINGS = NO;
				SWIFT_UPCOMING_FEATURE_MEMBER_IMPORT_VISIBILITY = YES;
				SWIFT_VERSION = 5.0;
				TARGETED_DEVICE_FAMILY = "1,2";
				TEST_TARGET_NAME = tankuj100;
			};
			name = Debug;
		};
		24323C0A2EAACD9100BC55E4 /* Release */ = {
			isa = XCBuildConfiguration;
			buildSettings = {
				CODE_SIGN_STYLE = Automatic;
				CURRENT_PROJECT_VERSION = 1;
				DEVELOPMENT_TEAM = B63NCXYEXK;
				GENERATE_INFOPLIST_FILE = YES;
				IPHONEOS_DEPLOYMENT_TARGET = 26.0;
				MARKETING_VERSION = 1.0;
				PRODUCT_BUNDLE_IDENTIFIER = cz.silkroad.tankuj100UITests;
				PRODUCT_NAME = "$(TARGET_NAME)";
				STRING_CATALOG_GENERATE_SYMBOLS = NO;
				SWIFT_APPROACHABLE_CONCURRENCY = YES;
				SWIFT_EMIT_LOC_STRINGS = NO;
				SWIFT_UPCOMING_FEATURE_MEMBER_IMPORT_VISIBILITY = YES;
				SWIFT_VERSION = 5.0;
				TARGETED_DEVICE_FAMILY = "1,2";
				TEST_TARGET_NAME = tankuj100;
			};
			name = Release;
		};
		247632AD2E4FAA3F00282F8C /* Debug */ = {
			isa = XCBuildConfiguration;
			buildSettings = {
				ALWAYS_SEARCH_USER_PATHS = NO;
				ASSETCATALOG_COMPILER_GENERATE_SWIFT_ASSET_SYMBOL_EXTENSIONS = YES;
				CLANG_ANALYZER_NONNULL = YES;
				CLANG_ANALYZER_NUMBER_OBJECT_CONVERSION = YES_AGGRESSIVE;
				CLANG_CXX_LANGUAGE_STANDARD = "gnu++20";
				CLANG_ENABLE_MODULES = YES;
				CLANG_ENABLE_OBJC_ARC = YES;
				CLANG_ENABLE_OBJC_WEAK = YES;
				CLANG_WARN_BLOCK_CAPTURE_AUTORELEASING = YES;
				CLANG_WARN_BOOL_CONVERSION = YES;
				CLANG_WARN_COMMA = YES;
				CLANG_WARN_CONSTANT_CONVERSION = YES;
				CLANG_WARN_DEPRECATED_OBJC_IMPLEMENTATIONS = YES;
				CLANG_WARN_DIRECT_OBJC_ISA_USAGE = YES_ERROR;
				CLANG_WARN_DOCUMENTATION_COMMENTS = YES;
				CLANG_WARN_EMPTY_BODY = YES;
				CLANG_WARN_ENUM_CONVERSION = YES;
				CLANG_WARN_INFINITE_RECURSION = YES;
				CLANG_WARN_INT_CONVERSION = YES;
				CLANG_WARN_NON_LITERAL_NULL_CONVERSION = YES;
				CLANG_WARN_OBJC_IMPLICIT_RETAIN_SELF = YES;
				CLANG_WARN_OBJC_LITERAL_CONVERSION = YES;
				CLANG_WARN_OBJC_ROOT_CLASS = YES_ERROR;
				CLANG_WARN_QUOTED_INCLUDE_IN_FRAMEWORK_HEADER = YES;
				CLANG_WARN_RANGE_LOOP_ANALYSIS = YES;
				CLANG_WARN_STRICT_PROTOTYPES = YES;
				CLANG_WARN_SUSPICIOUS_MOVE = YES;
				CLANG_WARN_UNGUARDED_AVAILABILITY = YES_AGGRESSIVE;
				CLANG_WARN_UNREACHABLE_CODE = YES;
				CLANG_WARN__DUPLICATE_METHOD_MATCH = YES;
				COPY_PHASE_STRIP = NO;
				DEBUG_INFORMATION_FORMAT = dwarf;
				DEVELOPMENT_TEAM = 8NHCRJ3HZC;
				ENABLE_STRICT_OBJC_MSGSEND = YES;
				ENABLE_TESTABILITY = YES;
				ENABLE_USER_SCRIPT_SANDBOXING = YES;
				GCC_C_LANGUAGE_STANDARD = gnu17;
				GCC_DYNAMIC_NO_PIC = NO;
				GCC_NO_COMMON_BLOCKS = YES;
				GCC_OPTIMIZATION_LEVEL = 0;
				GCC_PREPROCESSOR_DEFINITIONS = (
					"DEBUG=1",
					"$(inherited)",
				);
				GCC_WARN_64_TO_32_BIT_CONVERSION = YES;
				GCC_WARN_ABOUT_RETURN_TYPE = YES_ERROR;
				GCC_WARN_UNDECLARED_SELECTOR = YES;
				GCC_WARN_UNINITIALIZED_AUTOS = YES_AGGRESSIVE;
				GCC_WARN_UNUSED_FUNCTION = YES;
				GCC_WARN_UNUSED_VARIABLE = YES;
				IPHONEOS_DEPLOYMENT_TARGET = 18.4;
				LOCALIZATION_PREFERS_STRING_CATALOGS = YES;
				MTL_ENABLE_DEBUG_INFO = INCLUDE_SOURCE;
				MTL_FAST_MATH = YES;
				ONLY_ACTIVE_ARCH = YES;
				SDKROOT = iphoneos;
				SWIFT_ACTIVE_COMPILATION_CONDITIONS = "DEBUG $(inherited)";
				SWIFT_OPTIMIZATION_LEVEL = "-Onone";
			};
			name = Debug;
		};
		247632AE2E4FAA3F00282F8C /* Release */ = {
			isa = XCBuildConfiguration;
			buildSettings = {
				ALWAYS_SEARCH_USER_PATHS = NO;
				ASSETCATALOG_COMPILER_GENERATE_SWIFT_ASSET_SYMBOL_EXTENSIONS = YES;
				CLANG_ANALYZER_NONNULL = YES;
				CLANG_ANALYZER_NUMBER_OBJECT_CONVERSION = YES_AGGRESSIVE;
				CLANG_CXX_LANGUAGE_STANDARD = "gnu++20";
				CLANG_ENABLE_MODULES = YES;
				CLANG_ENABLE_OBJC_ARC = YES;
				CLANG_ENABLE_OBJC_WEAK = YES;
				CLANG_WARN_BLOCK_CAPTURE_AUTORELEASING = YES;
				CLANG_WARN_BOOL_CONVERSION = YES;
				CLANG_WARN_COMMA = YES;
				CLANG_WARN_CONSTANT_CONVERSION = YES;
				CLANG_WARN_DEPRECATED_OBJC_IMPLEMENTATIONS = YES;
				CLANG_WARN_DIRECT_OBJC_ISA_USAGE = YES_ERROR;
				CLANG_WARN_DOCUMENTATION_COMMENTS = YES;
				CLANG_WARN_EMPTY_BODY = YES;
				CLANG_WARN_ENUM_CONVERSION = YES;
				CLANG_WARN_INFINITE_RECURSION = YES;
				CLANG_WARN_INT_CONVERSION = YES;
				CLANG_WARN_NON_LITERAL_NULL_CONVERSION = YES;
				CLANG_WARN_OBJC_IMPLICIT_RETAIN_SELF = YES;
				CLANG_WARN_OBJC_LITERAL_CONVERSION = YES;
				CLANG_WARN_OBJC_ROOT_CLASS = YES_ERROR;
				CLANG_WARN_QUOTED_INCLUDE_IN_FRAMEWORK_HEADER = YES;
				CLANG_WARN_RANGE_LOOP_ANALYSIS = YES;
				CLANG_WARN_STRICT_PROTOTYPES = YES;
				CLANG_WARN_SUSPICIOUS_MOVE = YES;
				CLANG_WARN_UNGUARDED_AVAILABILITY = YES_AGGRESSIVE;
				CLANG_WARN_UNREACHABLE_CODE = YES;
				CLANG_WARN__DUPLICATE_METHOD_MATCH = YES;
				COPY_PHASE_STRIP = NO;
				DEBUG_INFORMATION_FORMAT = "dwarf-with-dsym";
				DEVELOPMENT_TEAM = 8NHCRJ3HZC;
				ENABLE_NS_ASSERTIONS = NO;
				ENABLE_STRICT_OBJC_MSGSEND = YES;
				ENABLE_USER_SCRIPT_SANDBOXING = YES;
				GCC_C_LANGUAGE_STANDARD = gnu17;
				GCC_NO_COMMON_BLOCKS = YES;
				GCC_WARN_64_TO_32_BIT_CONVERSION = YES;
				GCC_WARN_ABOUT_RETURN_TYPE = YES_ERROR;
				GCC_WARN_UNDECLARED_SELECTOR = YES;
				GCC_WARN_UNINITIALIZED_AUTOS = YES_AGGRESSIVE;
				GCC_WARN_UNUSED_FUNCTION = YES;
				GCC_WARN_UNUSED_VARIABLE = YES;
				IPHONEOS_DEPLOYMENT_TARGET = 18.4;
				LOCALIZATION_PREFERS_STRING_CATALOGS = YES;
				MTL_ENABLE_DEBUG_INFO = NO;
				MTL_FAST_MATH = YES;
				SDKROOT = iphoneos;
				SWIFT_COMPILATION_MODE = wholemodule;
				VALIDATE_PRODUCT = YES;
			};
			name = Release;
		};
		247632B02E4FAA3F00282F8C /* Debug */ = {
			isa = XCBuildConfiguration;
			buildSettings = {
				ASSETCATALOG_COMPILER_APPICON_NAME = tankuj100;
				ASSETCATALOG_COMPILER_GLOBAL_ACCENT_COLOR_NAME = AccentColor;
				CODE_SIGN_STYLE = Automatic;
				CURRENT_PROJECT_VERSION = 1;
				DEVELOPMENT_TEAM = 8NHCRJ3HZC;
				ENABLE_PREVIEWS = YES;
				GENERATE_INFOPLIST_FILE = YES;
				INFOPLIST_FILE = tankuj100/Info.plist;
				INFOPLIST_KEY_UIApplicationSceneManifest_Generation = YES;
				INFOPLIST_KEY_UIApplicationSupportsIndirectInputEvents = YES;
				INFOPLIST_KEY_UILaunchScreen_Generation = YES;
				INFOPLIST_KEY_UISupportedInterfaceOrientations_iPad = "UIInterfaceOrientationPortrait UIInterfaceOrientationPortraitUpsideDown UIInterfaceOrientationLandscapeLeft UIInterfaceOrientationLandscapeRight";
				INFOPLIST_KEY_UISupportedInterfaceOrientations_iPhone = "UIInterfaceOrientationPortrait UIInterfaceOrientationLandscapeLeft UIInterfaceOrientationLandscapeRight";
				IPHONEOS_DEPLOYMENT_TARGET = 17.0;
				LD_RUNPATH_SEARCH_PATHS = (
					"$(inherited)",
					"@executable_path/Frameworks",
				);
				MARKETING_VERSION = 1.0;
				PRODUCT_BUNDLE_IDENTIFIER = cz.silkroad.tankuj100;
				PRODUCT_NAME = "$(TARGET_NAME)";
				SUPPORTED_PLATFORMS = "iphoneos iphonesimulator";
				SUPPORTS_MACCATALYST = NO;
				SUPPORTS_MAC_DESIGNED_FOR_IPHONE_IPAD = NO;
				SUPPORTS_XR_DESIGNED_FOR_IPHONE_IPAD = NO;
				SWIFT_EMIT_LOC_STRINGS = YES;
				SWIFT_VERSION = 5.0;
				TARGETED_DEVICE_FAMILY = 1;
			};
			name = Debug;
		};
		247632B12E4FAA3F00282F8C /* Release */ = {
			isa = XCBuildConfiguration;
			buildSettings = {
				ASSETCATALOG_COMPILER_APPICON_NAME = tankuj100;
				ASSETCATALOG_COMPILER_GLOBAL_ACCENT_COLOR_NAME = AccentColor;
				CODE_SIGN_STYLE = Automatic;
				CURRENT_PROJECT_VERSION = 1;
				DEVELOPMENT_TEAM = 8NHCRJ3HZC;
				ENABLE_PREVIEWS = YES;
				GENERATE_INFOPLIST_FILE = YES;
				INFOPLIST_FILE = tankuj100/Info.plist;
				INFOPLIST_KEY_UIApplicationSceneManifest_Generation = YES;
				INFOPLIST_KEY_UIApplicationSupportsIndirectInputEvents = YES;
				INFOPLIST_KEY_UILaunchScreen_Generation = YES;
				INFOPLIST_KEY_UISupportedInterfaceOrientations_iPad = "UIInterfaceOrientationPortrait UIInterfaceOrientationPortraitUpsideDown UIInterfaceOrientationLandscapeLeft UIInterfaceOrientationLandscapeRight";
				INFOPLIST_KEY_UISupportedInterfaceOrientations_iPhone = "UIInterfaceOrientationPortrait UIInterfaceOrientationLandscapeLeft UIInterfaceOrientationLandscapeRight";
				IPHONEOS_DEPLOYMENT_TARGET = 17.0;
				LD_RUNPATH_SEARCH_PATHS = (
					"$(inherited)",
					"@executable_path/Frameworks",
				);
				MARKETING_VERSION = 1.0;
				PRODUCT_BUNDLE_IDENTIFIER = cz.silkroad.tankuj100;
				PRODUCT_NAME = "$(TARGET_NAME)";
				SUPPORTED_PLATFORMS = "iphoneos iphonesimulator";
				SUPPORTS_MACCATALYST = NO;
				SUPPORTS_MAC_DESIGNED_FOR_IPHONE_IPAD = NO;
				SUPPORTS_XR_DESIGNED_FOR_IPHONE_IPAD = NO;
				SWIFT_EMIT_LOC_STRINGS = YES;
				SWIFT_VERSION = 5.0;
				TARGETED_DEVICE_FAMILY = 1;
			};
			name = Release;
		};
/* End XCBuildConfiguration section */

/* Begin XCConfigurationList section */
		24323BF42EAACC6F00BC55E4 /* Build configuration list for PBXNativeTarget "tankuj100Tests" */ = {
			isa = XCConfigurationList;
			buildConfigurations = (
				24323BF52EAACC6F00BC55E4 /* Debug */,
				24323BF62EAACC6F00BC55E4 /* Release */,
			);
			defaultConfigurationIsVisible = 0;
			defaultConfigurationName = Release;
		};
		24323C082EAACD9100BC55E4 /* Build configuration list for PBXNativeTarget "tankuj100UITests" */ = {
			isa = XCConfigurationList;
			buildConfigurations = (
				24323C092EAACD9100BC55E4 /* Debug */,
				24323C0A2EAACD9100BC55E4 /* Release */,
			);
			defaultConfigurationIsVisible = 0;
			defaultConfigurationName = Release;
		};
		2476329F2E4FAA3E00282F8C /* Build configuration list for PBXProject "tankuj100" */ = {
			isa = XCConfigurationList;
			buildConfigurations = (
				247632AD2E4FAA3F00282F8C /* Debug */,
				247632AE2E4FAA3F00282F8C /* Release */,
			);
			defaultConfigurationIsVisible = 0;
			defaultConfigurationName = Release;
		};
		247632AF2E4FAA3F00282F8C /* Build configuration list for PBXNativeTarget "tankuj100" */ = {
			isa = XCConfigurationList;
			buildConfigurations = (
				247632B02E4FAA3F00282F8C /* Debug */,
				247632B12E4FAA3F00282F8C /* Release */,
			);
			defaultConfigurationIsVisible = 0;
			defaultConfigurationName = Release;
		};
/* End XCConfigurationList section */

/* Begin XCRemoteSwiftPackageReference section */
		244FDD1B2E5770AF00258003 /* XCRemoteSwiftPackageReference "ClusterMap" */ = {
			isa = XCRemoteSwiftPackageReference;
			repositoryURL = "https://github.com/vospennikov/ClusterMap";
			requirement = {
				kind = upToNextMajorVersion;
				minimumVersion = 2.1.1;
			};
		};
/* End XCRemoteSwiftPackageReference section */

/* Begin XCSwiftPackageProductDependency section */
		244FDD1C2E5770AF00258003 /* ClusterMap */ = {
			isa = XCSwiftPackageProductDependency;
			package = 244FDD1B2E5770AF00258003 /* XCRemoteSwiftPackageReference "ClusterMap" */;
			productName = ClusterMap;
		};
		244FDD1E2E5770AF00258003 /* ClusterMapSwiftUI */ = {
			isa = XCSwiftPackageProductDependency;
			package = 244FDD1B2E5770AF00258003 /* XCRemoteSwiftPackageReference "ClusterMap" */;
			productName = ClusterMapSwiftUI;
		};
/* End XCSwiftPackageProductDependency section */
	};
	rootObject = 2476329C2E4FAA3E00282F8C /* Project object */;
}
